
Microsoft Visual Studio Solution File, Format Version 12.00
# Visual Studio Version 16
VisualStudioVersion = 16.0.30907.101
MinimumVisualStudioVersion = 10.0.40219.1
Project("{9A19103F-16F7-4668-BE54-9A1E7A4F7556}") = "API", "API\API.csproj", "{5EE58DF9-7766-416A-B4F1-6DF13E35A87A}"
EndProject
Project("{9A19103F-16F7-4668-BE54-9A1E7A4F7556}") = "Domain", "Domain\Domain.csproj", "{48070E4B-A84C-418E-A26F-76A0CC551C8A}"
EndProject
Project("{9A19103F-16F7-4668-BE54-9A1E7A4F7556}") = "DAL", "DAL\DAL.csproj", "{2DB76ADD-2DF1-4153-B70C-FFCABA266917}"
EndProject
Project("{9A19103F-16F7-4668-BE54-9A1E7A4F7556}") = "Application", "Application\Application.csproj", "{CB87F146-179A-43E2-B886-E08693B9A280}"
EndProject
Project("{9A19103F-16F7-4668-BE54-9A1E7A4F7556}") = "Resources", "Resources\Resources.csproj", "{609AC6DC-F5E1-47CC-99DD-D60480CEB83C}"
EndProject
Project("{9A19103F-16F7-4668-BE54-9A1E7A4F7556}") = "Common", "Common\Common.csproj", "{07104690-8455-418F-BF91-6B547BB2903F}"
EndProject
Global
	GlobalSection(SolutionConfigurationPlatforms) = preSolution
		Debug|Any CPU = Debug|Any CPU
		Release|Any CPU = Release|Any CPU
	EndGlobalSection
	GlobalSection(ProjectConfigurationPlatforms) = postSolution
		{5EE58DF9-7766-416A-B4F1-6DF13E35A87A}.Debug|Any CPU.ActiveCfg = Debug|Any CPU
		{5EE58DF9-7766-416A-B4F1-6DF13E35A87A}.Debug|Any CPU.Build.0 = Debug|Any CPU
		{5EE58DF9-7766-416A-B4F1-6DF13E35A87A}.Release|Any CPU.ActiveCfg = Release|Any CPU
		{5EE58DF9-7766-416A-B4F1-6DF13E35A87A}.Release|Any CPU.Build.0 = Release|Any CPU
		{48070E4B-A84C-418E-A26F-76A0CC551C8A}.Debug|Any CPU.ActiveCfg = Debug|Any CPU
		{48070E4B-A84C-418E-A26F-76A0CC551C8A}.Debug|Any CPU.Build.0 = Debug|Any CPU
		{48070E4B-A84C-418E-A26F-76A0CC551C8A}.Release|Any CPU.ActiveCfg = Release|Any CPU
		{48070E4B-A84C-418E-A26F-76A0CC551C8A}.Release|Any CPU.Build.0 = Release|Any CPU
		{2DB76ADD-2DF1-4153-B70C-FFCABA266917}.Debug|Any CPU.ActiveCfg = Debug|Any CPU
		{2DB76ADD-2DF1-4153-B70C-FFCABA266917}.Debug|Any CPU.Build.0 = Debug|Any CPU
		{2DB76ADD-2DF1-4153-B70C-FFCABA266917}.Release|Any CPU.ActiveCfg = Release|Any CPU
		{2DB76ADD-2DF1-4153-B70C-FFCABA266917}.Release|Any CPU.Build.0 = Release|Any CPU
		{CB87F146-179A-43E2-B886-E08693B9A280}.Debug|Any CPU.ActiveCfg = Debug|Any CPU
		{CB87F146-179A-43E2-B886-E08693B9A280}.Debug|Any CPU.Build.0 = Debug|Any CPU
		{CB87F146-179A-43E2-B886-E08693B9A280}.Release|Any CPU.ActiveCfg = Release|Any CPU
		{CB87F146-179A-43E2-B886-E08693B9A280}.Release|Any CPU.Build.0 = Release|Any CPU
		{609AC6DC-F5E1-47CC-99DD-D60480CEB83C}.Debug|Any CPU.ActiveCfg = Debug|Any CPU
		{609AC6DC-F5E1-47CC-99DD-D60480CEB83C}.Debug|Any CPU.Build.0 = Debug|Any CPU
		{609AC6DC-F5E1-47CC-99DD-D60480CEB83C}.Release|Any CPU.ActiveCfg = Release|Any CPU
		{609AC6DC-F5E1-47CC-99DD-D60480CEB83C}.Release|Any CPU.Build.0 = Release|Any CPU
		{07104690-8455-418F-BF91-6B547BB2903F}.Debug|Any CPU.ActiveCfg = Debug|Any CPU
		{07104690-8455-418F-BF91-6B547BB2903F}.Debug|Any CPU.Build.0 = Debug|Any CPU
		{07104690-8455-418F-BF91-6B547BB2903F}.Release|Any CPU.ActiveCfg = Release|Any CPU
		{07104690-8455-418F-BF91-6B547BB2903F}.Release|Any CPU.Build.0 = Release|Any CPU
	EndGlobalSection
	GlobalSection(SolutionProperties) = preSolution
		HideSolutionNode = FALSE
	EndGlobalSection
	GlobalSection(ExtensibilityGlobals) = postSolution
		SolutionGuid = {EA577579-61C6-42E7-8663-4B21A8F5564B}
	EndGlobalSection
EndGlobal
